
Microsoft Visual Studio Solution File, Format Version 12.00
# Visual Studio Version 17
VisualStudioVersion = 17.9.34723.18
MinimumVisualStudioVersion = 10.0.40219.1
Project("{9A19103F-16F7-4668-BE54-9A1E7A4F7556}") = "CSharp", "CSharp\CSharp.csproj", "{37E3CC04-5AE0-4754-A147-C3B31BE80AAA}"
EndProject
Project("{FAE04EC0-301F-11D3-BF4B-00C04F79EFBC}") = "PracticeSolution", "PracticeSolution\PracticeSolution.csproj", "{CED1B907-1853-4A6E-A309-5CC669F53A2D}"
EndProject
Global
	GlobalSection(SolutionConfigurationPlatforms) = preSolution
		Debug|Any CPU = Debug|Any CPU
		Debug|x64 = Debug|x64
		Debug|x86 = Debug|x86
		Release|Any CPU = Release|Any CPU
		Release|x64 = Release|x64
		Release|x86 = Release|x86
	EndGlobalSection
	GlobalSection(ProjectConfigurationPlatforms) = postSolution
		{37E3CC04-5AE0-4754-A147-C3B31BE80AAA}.Debug|Any CPU.ActiveCfg = Debug|Any CPU
		{37E3CC04-5AE0-4754-A147-C3B31BE80AAA}.Debug|Any CPU.Build.0 = Debug|Any CPU
		{37E3CC04-5AE0-4754-A147-C3B31BE80AAA}.Debug|x64.ActiveCfg = Debug|Any CPU
		{37E3CC04-5AE0-4754-A147-C3B31BE80AAA}.Debug|x64.Build.0 = Debug|Any CPU
		{37E3CC04-5AE0-4754-A147-C3B31BE80AAA}.Debug|x86.ActiveCfg = Debug|Any CPU
		{37E3CC04-5AE0-4754-A147-C3B31BE80AAA}.Debug|x86.Build.0 = Debug|Any CPU
		{37E3CC04-5AE0-4754-A147-C3B31BE80AAA}.Release|Any CPU.ActiveCfg = Release|Any CPU
		{37E3CC04-5AE0-4754-A147-C3B31BE80AAA}.Release|Any CPU.Build.0 = Release|Any CPU
		{37E3CC04-5AE0-4754-A147-C3B31BE80AAA}.Release|x64.ActiveCfg = Release|Any CPU
		{37E3CC04-5AE0-4754-A147-C3B31BE80AAA}.Release|x64.Build.0 = Release|Any CPU
		{37E3CC04-5AE0-4754-A147-C3B31BE80AAA}.Release|x86.ActiveCfg = Release|Any CPU
		{37E3CC04-5AE0-4754-A147-C3B31BE80AAA}.Release|x86.Build.0 = Release|Any CPU
		{CED1B907-1853-4A6E-A309-5CC669F53A2D}.Debug|Any CPU.ActiveCfg = Debug|Any CPU
		{CED1B907-1853-4A6E-A309-5CC669F53A2D}.Debug|Any CPU.Build.0 = Debug|Any CPU
		{CED1B907-1853-4A6E-A309-5CC669F53A2D}.Debug|x64.ActiveCfg = Debug|Any CPU
		{CED1B907-1853-4A6E-A309-5CC669F53A2D}.Debug|x64.Build.0 = Debug|Any CPU
		{CED1B907-1853-4A6E-A309-5CC669F53A2D}.Debug|x86.ActiveCfg = Debug|Any CPU
		{CED1B907-1853-4A6E-A309-5CC669F53A2D}.Debug|x86.Build.0 = Debug|Any CPU
		{CED1B907-1853-4A6E-A309-5CC669F53A2D}.Release|Any CPU.ActiveCfg = Release|Any CPU
		{CED1B907-1853-4A6E-A309-5CC669F53A2D}.Release|Any CPU.Build.0 = Release|Any CPU
		{CED1B907-1853-4A6E-A309-5CC669F53A2D}.Release|x64.ActiveCfg = Release|Any CPU
		{CED1B907-1853-4A6E-A309-5CC669F53A2D}.Release|x64.Build.0 = Release|Any CPU
		{CED1B907-1853-4A6E-A309-5CC669F53A2D}.Release|x86.ActiveCfg = Release|Any CPU
		{CED1B907-1853-4A6E-A309-5CC669F53A2D}.Release|x86.Build.0 = Release|Any CPU
	EndGlobalSection
	GlobalSection(SolutionProperties) = preSolution
		HideSolutionNode = FALSE
	EndGlobalSection
	GlobalSection(ExtensibilityGlobals) = postSolution
		SolutionGuid = {255AFAC0-3DA5-4648-AED3-2332E060BBC2}
	EndGlobalSection
EndGlobal
