
Microsoft Visual Studio Solution File, Format Version 12.00
# Visual Studio Version 17
VisualStudioVersion = 17.9.34723.18
MinimumVisualStudioVersion = 10.0.40219.1
Project("{FAE04EC0-301F-11D3-BF4B-00C04F79EFBC}") = "CSharp", "CSharp\CSharp.csproj", "{37E3CC04-5AE0-4754-A147-C3B31BE80AAA}"
EndProject
Global
	GlobalSection(SolutionConfigurationPlatforms) = preSolution
		Debug|Any CPU = Debug|Any CPU
		Release|Any CPU = Release|Any CPU
	EndGlobalSection
	GlobalSection(ProjectConfigurationPlatforms) = postSolution
		{37E3CC04-5AE0-4754-A147-C3B31BE80AAA}.Debug|Any CPU.ActiveCfg = Debug|Any CPU
		{37E3CC04-5AE0-4754-A147-C3B31BE80AAA}.Debug|Any CPU.Build.0 = Debug|Any CPU
		{37E3CC04-5AE0-4754-A147-C3B31BE80AAA}.Release|Any CPU.ActiveCfg = Release|Any CPU
		{37E3CC04-5AE0-4754-A147-C3B31BE80AAA}.Release|Any CPU.Build.0 = Release|Any CPU
	EndGlobalSection
	GlobalSection(SolutionProperties) = preSolution
		HideSolutionNode = FALSE
	EndGlobalSection
	GlobalSection(ExtensibilityGlobals) = postSolution
		SolutionGuid = {255AFAC0-3DA5-4648-AED3-2332E060BBC2}
	EndGlobalSection
EndGlobal
