
Microsoft Visual Studio Solution File, Format Version 12.00
# Visual Studio Version 17
VisualStudioVersion = 17.9.34723.18
MinimumVisualStudioVersion = 10.0.40219.1
Project("{8BC9CEB8-8B4A-11D0-8D11-00A0C91BC942}") = "BalancedBalls", "CPlusPlus\CPlusPlus.vcxproj", "{219D178E-57B1-4F4E-B2E0-757943C8825C}"
EndProject
Project("{8BC9CEB8-8B4A-11D0-8D11-00A0C91BC942}") = "BalancedColoredBallsPairs", "BalancedColoredBallsPairs\BalancedColoredBallsPairs.vcxproj", "{42044BF9-A833-4FE7-BEBE-416868253927}"
EndProject
Project("{8BC9CEB8-8B4A-11D0-8D11-00A0C91BC942}") = "Odd4", "Odd4\Odd4.vcxproj", "{BB154BEC-7FC3-4730-965F-C361C6368D34}"
EndProject
Project("{8BC9CEB8-8B4A-11D0-8D11-00A0C91BC942}") = "Sequence26", "Sequence26\Sequence26.vcxproj", "{AD84D3C6-7DA1-4128-B9D3-E0DBDAA418CC}"
EndProject
Project("{8BC9CEB8-8B4A-11D0-8D11-00A0C91BC942}") = "Cred", "Cred\Cred.vcxproj", "{E0A9D2A2-D5ED-480E-81E5-1D2F0E75593C}"
EndProject
Project("{8BC9CEB8-8B4A-11D0-8D11-00A0C91BC942}") = "GameWithBalls", "GameWithBalls\GameWithBalls.vcxproj", "{4486869D-C6DA-4C83-8C48-182FB1F1F3A6}"
EndProject
Project("{8BC9CEB8-8B4A-11D0-8D11-00A0C91BC942}") = "Pairs", "Pairs\Pairs.vcxproj", "{B0CDC78C-5751-41AF-BA32-2AC19E72F80C}"
EndProject
Project("{8BC9CEB8-8B4A-11D0-8D11-00A0C91BC942}") = "Decimal Fraction", "Decimal Fraction\Decimal Fraction.vcxproj", "{78E7EB19-1207-48EB-91D9-4475802C164F}"
EndProject
Project("{8BC9CEB8-8B4A-11D0-8D11-00A0C91BC942}") = "Borders", "Borders\Borders.vcxproj", "{B7B555BA-0A86-4132-98A3-2405388548E7}"
EndProject
Project("{8BC9CEB8-8B4A-11D0-8D11-00A0C91BC942}") = "OddNumbers", "OddNumbers\OddNumbers.vcxproj", "{B0313F11-77F8-45C0-875B-1773797F7B83}"
EndProject
Project("{8BC9CEB8-8B4A-11D0-8D11-00A0C91BC942}") = "Triangle", "Triangle\Triangle.vcxproj", "{296E9DC6-AAB9-47A6-9A11-B98529F83FCE}"
EndProject
Project("{8BC9CEB8-8B4A-11D0-8D11-00A0C91BC942}") = "Stamps", "Stamps\Stamps.vcxproj", "{B29CCC46-7BCD-48E4-8DE8-1816285FE667}"
EndProject
Project("{8BC9CEB8-8B4A-11D0-8D11-00A0C91BC942}") = "WaterCrisis", "WaterCrisis\WaterCrisis.vcxproj", "{BCDA5E23-8732-4EF6-82DD-7F8391EC838D}"
EndProject
Project("{8BC9CEB8-8B4A-11D0-8D11-00A0C91BC942}") = "Range", "Range\Range.vcxproj", "{C078D038-F4BF-4948-84C7-00C10CACDE44}"
EndProject
Project("{8BC9CEB8-8B4A-11D0-8D11-00A0C91BC942}") = "Recovery", "Recovery\Recovery.vcxproj", "{048A1BEF-7B3E-4553-AEEB-FDC670A1AC10}"
EndProject
Project("{8BC9CEB8-8B4A-11D0-8D11-00A0C91BC942}") = "Bitstring", "Bitstring\Bitstring.vcxproj", "{F32B5E41-0A52-4342-88C4-72E69284BCD2}"
EndProject
Project("{8BC9CEB8-8B4A-11D0-8D11-00A0C91BC942}") = "BitStringExercise", "BitStringExercise\BitStringExercise.vcxproj", "{FBD426D3-B57C-4D99-89EA-E8D91CC4E2FF}"
EndProject
Global
	GlobalSection(SolutionConfigurationPlatforms) = preSolution
		Debug|x64 = Debug|x64
		Debug|x86 = Debug|x86
		Release|x64 = Release|x64
		Release|x86 = Release|x86
	EndGlobalSection
	GlobalSection(ProjectConfigurationPlatforms) = postSolution
		{219D178E-57B1-4F4E-B2E0-757943C8825C}.Debug|x64.ActiveCfg = Debug|x64
		{219D178E-57B1-4F4E-B2E0-757943C8825C}.Debug|x64.Build.0 = Debug|x64
		{219D178E-57B1-4F4E-B2E0-757943C8825C}.Debug|x86.ActiveCfg = Debug|Win32
		{219D178E-57B1-4F4E-B2E0-757943C8825C}.Debug|x86.Build.0 = Debug|Win32
		{219D178E-57B1-4F4E-B2E0-757943C8825C}.Release|x64.ActiveCfg = Release|x64
		{219D178E-57B1-4F4E-B2E0-757943C8825C}.Release|x64.Build.0 = Release|x64
		{219D178E-57B1-4F4E-B2E0-757943C8825C}.Release|x86.ActiveCfg = Release|Win32
		{219D178E-57B1-4F4E-B2E0-757943C8825C}.Release|x86.Build.0 = Release|Win32
		{42044BF9-A833-4FE7-BEBE-416868253927}.Debug|x64.ActiveCfg = Debug|x64
		{42044BF9-A833-4FE7-BEBE-416868253927}.Debug|x64.Build.0 = Debug|x64
		{42044BF9-A833-4FE7-BEBE-416868253927}.Debug|x86.ActiveCfg = Debug|Win32
		{42044BF9-A833-4FE7-BEBE-416868253927}.Debug|x86.Build.0 = Debug|Win32
		{42044BF9-A833-4FE7-BEBE-416868253927}.Release|x64.ActiveCfg = Release|x64
		{42044BF9-A833-4FE7-BEBE-416868253927}.Release|x64.Build.0 = Release|x64
		{42044BF9-A833-4FE7-BEBE-416868253927}.Release|x86.ActiveCfg = Release|Win32
		{42044BF9-A833-4FE7-BEBE-416868253927}.Release|x86.Build.0 = Release|Win32
		{BB154BEC-7FC3-4730-965F-C361C6368D34}.Debug|x64.ActiveCfg = Debug|x64
		{BB154BEC-7FC3-4730-965F-C361C6368D34}.Debug|x64.Build.0 = Debug|x64
		{BB154BEC-7FC3-4730-965F-C361C6368D34}.Debug|x86.ActiveCfg = Debug|Win32
		{BB154BEC-7FC3-4730-965F-C361C6368D34}.Debug|x86.Build.0 = Debug|Win32
		{BB154BEC-7FC3-4730-965F-C361C6368D34}.Release|x64.ActiveCfg = Release|x64
		{BB154BEC-7FC3-4730-965F-C361C6368D34}.Release|x64.Build.0 = Release|x64
		{BB154BEC-7FC3-4730-965F-C361C6368D34}.Release|x86.ActiveCfg = Release|Win32
		{BB154BEC-7FC3-4730-965F-C361C6368D34}.Release|x86.Build.0 = Release|Win32
		{AD84D3C6-7DA1-4128-B9D3-E0DBDAA418CC}.Debug|x64.ActiveCfg = Debug|x64
		{AD84D3C6-7DA1-4128-B9D3-E0DBDAA418CC}.Debug|x64.Build.0 = Debug|x64
		{AD84D3C6-7DA1-4128-B9D3-E0DBDAA418CC}.Debug|x86.ActiveCfg = Debug|Win32
		{AD84D3C6-7DA1-4128-B9D3-E0DBDAA418CC}.Debug|x86.Build.0 = Debug|Win32
		{AD84D3C6-7DA1-4128-B9D3-E0DBDAA418CC}.Release|x64.ActiveCfg = Release|x64
		{AD84D3C6-7DA1-4128-B9D3-E0DBDAA418CC}.Release|x64.Build.0 = Release|x64
		{AD84D3C6-7DA1-4128-B9D3-E0DBDAA418CC}.Release|x86.ActiveCfg = Release|Win32
		{AD84D3C6-7DA1-4128-B9D3-E0DBDAA418CC}.Release|x86.Build.0 = Release|Win32
		{E0A9D2A2-D5ED-480E-81E5-1D2F0E75593C}.Debug|x64.ActiveCfg = Debug|x64
		{E0A9D2A2-D5ED-480E-81E5-1D2F0E75593C}.Debug|x64.Build.0 = Debug|x64
		{E0A9D2A2-D5ED-480E-81E5-1D2F0E75593C}.Debug|x86.ActiveCfg = Debug|Win32
		{E0A9D2A2-D5ED-480E-81E5-1D2F0E75593C}.Debug|x86.Build.0 = Debug|Win32
		{E0A9D2A2-D5ED-480E-81E5-1D2F0E75593C}.Release|x64.ActiveCfg = Release|x64
		{E0A9D2A2-D5ED-480E-81E5-1D2F0E75593C}.Release|x64.Build.0 = Release|x64
		{E0A9D2A2-D5ED-480E-81E5-1D2F0E75593C}.Release|x86.ActiveCfg = Release|Win32
		{E0A9D2A2-D5ED-480E-81E5-1D2F0E75593C}.Release|x86.Build.0 = Release|Win32
		{4486869D-C6DA-4C83-8C48-182FB1F1F3A6}.Debug|x64.ActiveCfg = Debug|x64
		{4486869D-C6DA-4C83-8C48-182FB1F1F3A6}.Debug|x64.Build.0 = Debug|x64
		{4486869D-C6DA-4C83-8C48-182FB1F1F3A6}.Debug|x86.ActiveCfg = Debug|Win32
		{4486869D-C6DA-4C83-8C48-182FB1F1F3A6}.Debug|x86.Build.0 = Debug|Win32
		{4486869D-C6DA-4C83-8C48-182FB1F1F3A6}.Release|x64.ActiveCfg = Release|x64
		{4486869D-C6DA-4C83-8C48-182FB1F1F3A6}.Release|x64.Build.0 = Release|x64
		{4486869D-C6DA-4C83-8C48-182FB1F1F3A6}.Release|x86.ActiveCfg = Release|Win32
		{4486869D-C6DA-4C83-8C48-182FB1F1F3A6}.Release|x86.Build.0 = Release|Win32
		{B0CDC78C-5751-41AF-BA32-2AC19E72F80C}.Debug|x64.ActiveCfg = Debug|x64
		{B0CDC78C-5751-41AF-BA32-2AC19E72F80C}.Debug|x64.Build.0 = Debug|x64
		{B0CDC78C-5751-41AF-BA32-2AC19E72F80C}.Debug|x86.ActiveCfg = Debug|Win32
		{B0CDC78C-5751-41AF-BA32-2AC19E72F80C}.Debug|x86.Build.0 = Debug|Win32
		{B0CDC78C-5751-41AF-BA32-2AC19E72F80C}.Release|x64.ActiveCfg = Release|x64
		{B0CDC78C-5751-41AF-BA32-2AC19E72F80C}.Release|x64.Build.0 = Release|x64
		{B0CDC78C-5751-41AF-BA32-2AC19E72F80C}.Release|x86.ActiveCfg = Release|Win32
		{B0CDC78C-5751-41AF-BA32-2AC19E72F80C}.Release|x86.Build.0 = Release|Win32
		{78E7EB19-1207-48EB-91D9-4475802C164F}.Debug|x64.ActiveCfg = Debug|x64
		{78E7EB19-1207-48EB-91D9-4475802C164F}.Debug|x64.Build.0 = Debug|x64
		{78E7EB19-1207-48EB-91D9-4475802C164F}.Debug|x86.ActiveCfg = Debug|Win32
		{78E7EB19-1207-48EB-91D9-4475802C164F}.Debug|x86.Build.0 = Debug|Win32
		{78E7EB19-1207-48EB-91D9-4475802C164F}.Release|x64.ActiveCfg = Release|x64
		{78E7EB19-1207-48EB-91D9-4475802C164F}.Release|x64.Build.0 = Release|x64
		{78E7EB19-1207-48EB-91D9-4475802C164F}.Release|x86.ActiveCfg = Release|Win32
		{78E7EB19-1207-48EB-91D9-4475802C164F}.Release|x86.Build.0 = Release|Win32
		{B7B555BA-0A86-4132-98A3-2405388548E7}.Debug|x64.ActiveCfg = Debug|x64
		{B7B555BA-0A86-4132-98A3-2405388548E7}.Debug|x64.Build.0 = Debug|x64
		{B7B555BA-0A86-4132-98A3-2405388548E7}.Debug|x86.ActiveCfg = Debug|Win32
		{B7B555BA-0A86-4132-98A3-2405388548E7}.Debug|x86.Build.0 = Debug|Win32
		{B7B555BA-0A86-4132-98A3-2405388548E7}.Release|x64.ActiveCfg = Release|x64
		{B7B555BA-0A86-4132-98A3-2405388548E7}.Release|x64.Build.0 = Release|x64
		{B7B555BA-0A86-4132-98A3-2405388548E7}.Release|x86.ActiveCfg = Release|Win32
		{B7B555BA-0A86-4132-98A3-2405388548E7}.Release|x86.Build.0 = Release|Win32
		{B0313F11-77F8-45C0-875B-1773797F7B83}.Debug|x64.ActiveCfg = Debug|x64
		{B0313F11-77F8-45C0-875B-1773797F7B83}.Debug|x64.Build.0 = Debug|x64
		{B0313F11-77F8-45C0-875B-1773797F7B83}.Debug|x86.ActiveCfg = Debug|Win32
		{B0313F11-77F8-45C0-875B-1773797F7B83}.Debug|x86.Build.0 = Debug|Win32
		{B0313F11-77F8-45C0-875B-1773797F7B83}.Release|x64.ActiveCfg = Release|x64
		{B0313F11-77F8-45C0-875B-1773797F7B83}.Release|x64.Build.0 = Release|x64
		{B0313F11-77F8-45C0-875B-1773797F7B83}.Release|x86.ActiveCfg = Release|Win32
		{B0313F11-77F8-45C0-875B-1773797F7B83}.Release|x86.Build.0 = Release|Win32
		{296E9DC6-AAB9-47A6-9A11-B98529F83FCE}.Debug|x64.ActiveCfg = Debug|x64
		{296E9DC6-AAB9-47A6-9A11-B98529F83FCE}.Debug|x64.Build.0 = Debug|x64
		{296E9DC6-AAB9-47A6-9A11-B98529F83FCE}.Debug|x86.ActiveCfg = Debug|Win32
		{296E9DC6-AAB9-47A6-9A11-B98529F83FCE}.Debug|x86.Build.0 = Debug|Win32
		{296E9DC6-AAB9-47A6-9A11-B98529F83FCE}.Release|x64.ActiveCfg = Release|x64
		{296E9DC6-AAB9-47A6-9A11-B98529F83FCE}.Release|x64.Build.0 = Release|x64
		{296E9DC6-AAB9-47A6-9A11-B98529F83FCE}.Release|x86.ActiveCfg = Release|Win32
		{296E9DC6-AAB9-47A6-9A11-B98529F83FCE}.Release|x86.Build.0 = Release|Win32
		{B29CCC46-7BCD-48E4-8DE8-1816285FE667}.Debug|x64.ActiveCfg = Debug|x64
		{B29CCC46-7BCD-48E4-8DE8-1816285FE667}.Debug|x64.Build.0 = Debug|x64
		{B29CCC46-7BCD-48E4-8DE8-1816285FE667}.Debug|x86.ActiveCfg = Debug|Win32
		{B29CCC46-7BCD-48E4-8DE8-1816285FE667}.Debug|x86.Build.0 = Debug|Win32
		{B29CCC46-7BCD-48E4-8DE8-1816285FE667}.Release|x64.ActiveCfg = Release|x64
		{B29CCC46-7BCD-48E4-8DE8-1816285FE667}.Release|x64.Build.0 = Release|x64
		{B29CCC46-7BCD-48E4-8DE8-1816285FE667}.Release|x86.ActiveCfg = Release|Win32
		{B29CCC46-7BCD-48E4-8DE8-1816285FE667}.Release|x86.Build.0 = Release|Win32
		{BCDA5E23-8732-4EF6-82DD-7F8391EC838D}.Debug|x64.ActiveCfg = Debug|x64
		{BCDA5E23-8732-4EF6-82DD-7F8391EC838D}.Debug|x64.Build.0 = Debug|x64
		{BCDA5E23-8732-4EF6-82DD-7F8391EC838D}.Debug|x86.ActiveCfg = Debug|Win32
		{BCDA5E23-8732-4EF6-82DD-7F8391EC838D}.Debug|x86.Build.0 = Debug|Win32
		{BCDA5E23-8732-4EF6-82DD-7F8391EC838D}.Release|x64.ActiveCfg = Release|x64
		{BCDA5E23-8732-4EF6-82DD-7F8391EC838D}.Release|x64.Build.0 = Release|x64
		{BCDA5E23-8732-4EF6-82DD-7F8391EC838D}.Release|x86.ActiveCfg = Release|Win32
		{BCDA5E23-8732-4EF6-82DD-7F8391EC838D}.Release|x86.Build.0 = Release|Win32
		{C078D038-F4BF-4948-84C7-00C10CACDE44}.Debug|x64.ActiveCfg = Debug|x64
		{C078D038-F4BF-4948-84C7-00C10CACDE44}.Debug|x64.Build.0 = Debug|x64
		{C078D038-F4BF-4948-84C7-00C10CACDE44}.Debug|x86.ActiveCfg = Debug|Win32
		{C078D038-F4BF-4948-84C7-00C10CACDE44}.Debug|x86.Build.0 = Debug|Win32
		{C078D038-F4BF-4948-84C7-00C10CACDE44}.Release|x64.ActiveCfg = Release|x64
		{C078D038-F4BF-4948-84C7-00C10CACDE44}.Release|x64.Build.0 = Release|x64
		{C078D038-F4BF-4948-84C7-00C10CACDE44}.Release|x86.ActiveCfg = Release|Win32
		{C078D038-F4BF-4948-84C7-00C10CACDE44}.Release|x86.Build.0 = Release|Win32
		{048A1BEF-7B3E-4553-AEEB-FDC670A1AC10}.Debug|x64.ActiveCfg = Debug|x64
		{048A1BEF-7B3E-4553-AEEB-FDC670A1AC10}.Debug|x64.Build.0 = Debug|x64
		{048A1BEF-7B3E-4553-AEEB-FDC670A1AC10}.Debug|x86.ActiveCfg = Debug|Win32
		{048A1BEF-7B3E-4553-AEEB-FDC670A1AC10}.Debug|x86.Build.0 = Debug|Win32
		{048A1BEF-7B3E-4553-AEEB-FDC670A1AC10}.Release|x64.ActiveCfg = Release|x64
		{048A1BEF-7B3E-4553-AEEB-FDC670A1AC10}.Release|x64.Build.0 = Release|x64
		{048A1BEF-7B3E-4553-AEEB-FDC670A1AC10}.Release|x86.ActiveCfg = Release|Win32
		{048A1BEF-7B3E-4553-AEEB-FDC670A1AC10}.Release|x86.Build.0 = Release|Win32
		{F32B5E41-0A52-4342-88C4-72E69284BCD2}.Debug|x64.ActiveCfg = Debug|x64
		{F32B5E41-0A52-4342-88C4-72E69284BCD2}.Debug|x64.Build.0 = Debug|x64
		{F32B5E41-0A52-4342-88C4-72E69284BCD2}.Debug|x86.ActiveCfg = Debug|Win32
		{F32B5E41-0A52-4342-88C4-72E69284BCD2}.Debug|x86.Build.0 = Debug|Win32
		{F32B5E41-0A52-4342-88C4-72E69284BCD2}.Release|x64.ActiveCfg = Release|x64
		{F32B5E41-0A52-4342-88C4-72E69284BCD2}.Release|x64.Build.0 = Release|x64
		{F32B5E41-0A52-4342-88C4-72E69284BCD2}.Release|x86.ActiveCfg = Release|Win32
		{F32B5E41-0A52-4342-88C4-72E69284BCD2}.Release|x86.Build.0 = Release|Win32
		{FBD426D3-B57C-4D99-89EA-E8D91CC4E2FF}.Debug|x64.ActiveCfg = Debug|x64
		{FBD426D3-B57C-4D99-89EA-E8D91CC4E2FF}.Debug|x64.Build.0 = Debug|x64
		{FBD426D3-B57C-4D99-89EA-E8D91CC4E2FF}.Debug|x86.ActiveCfg = Debug|Win32
		{FBD426D3-B57C-4D99-89EA-E8D91CC4E2FF}.Debug|x86.Build.0 = Debug|Win32
		{FBD426D3-B57C-4D99-89EA-E8D91CC4E2FF}.Release|x64.ActiveCfg = Release|x64
		{FBD426D3-B57C-4D99-89EA-E8D91CC4E2FF}.Release|x64.Build.0 = Release|x64
		{FBD426D3-B57C-4D99-89EA-E8D91CC4E2FF}.Release|x86.ActiveCfg = Release|Win32
		{FBD426D3-B57C-4D99-89EA-E8D91CC4E2FF}.Release|x86.Build.0 = Release|Win32
	EndGlobalSection
	GlobalSection(SolutionProperties) = preSolution
		HideSolutionNode = FALSE
	EndGlobalSection
	GlobalSection(ExtensibilityGlobals) = postSolution
		SolutionGuid = {E317416D-6E8C-4A56-88E3-07673C3C5E09}
	EndGlobalSection
EndGlobal
